
Microsoft Visual Studio Solution File, Format Version 12.00
Project("{FAE04EC0-301F-11D3-BF4B-00C04F79EFBC}") = "RawSql.Core", "RawSql.Core\RawSql.Core.csproj", "{25C64C5C-9C2D-4157-A33D-A1C9AE740D4F}"
EndProject
Project("{FAE04EC0-301F-11D3-BF4B-00C04F79EFBC}") = "RawSql.EFCore.Postgres", "RawSql.EFCore.Postgres\RawSql.EFCore.Postgres.csproj", "{0515C354-AFC0-42F4-8860-16ED2B42682E}"
EndProject
Project("{FAE04EC0-301F-11D3-BF4B-00C04F79EFBC}") = "RawSql.Tests", "RawSql.Tests\RawSql.Tests.csproj", "{F3B17A13-4763-41C2-B075-5B635D122F8E}"
EndProject
Global
	GlobalSection(SolutionConfigurationPlatforms) = preSolution
		Debug|Any CPU = Debug|Any CPU
		Release|Any CPU = Release|Any CPU
	EndGlobalSection
	GlobalSection(ProjectConfigurationPlatforms) = postSolution
		{25C64C5C-9C2D-4157-A33D-A1C9AE740D4F}.Debug|Any CPU.ActiveCfg = Debug|Any CPU
		{25C64C5C-9C2D-4157-A33D-A1C9AE740D4F}.Debug|Any CPU.Build.0 = Debug|Any CPU
		{25C64C5C-9C2D-4157-A33D-A1C9AE740D4F}.Release|Any CPU.ActiveCfg = Release|Any CPU
		{25C64C5C-9C2D-4157-A33D-A1C9AE740D4F}.Release|Any CPU.Build.0 = Release|Any CPU
		{0515C354-AFC0-42F4-8860-16ED2B42682E}.Debug|Any CPU.ActiveCfg = Debug|Any CPU
		{0515C354-AFC0-42F4-8860-16ED2B42682E}.Debug|Any CPU.Build.0 = Debug|Any CPU
		{0515C354-AFC0-42F4-8860-16ED2B42682E}.Release|Any CPU.ActiveCfg = Release|Any CPU
		{0515C354-AFC0-42F4-8860-16ED2B42682E}.Release|Any CPU.Build.0 = Release|Any CPU
		{F3B17A13-4763-41C2-B075-5B635D122F8E}.Debug|Any CPU.ActiveCfg = Debug|Any CPU
		{F3B17A13-4763-41C2-B075-5B635D122F8E}.Debug|Any CPU.Build.0 = Debug|Any CPU
		{F3B17A13-4763-41C2-B075-5B635D122F8E}.Release|Any CPU.ActiveCfg = Release|Any CPU
		{F3B17A13-4763-41C2-B075-5B635D122F8E}.Release|Any CPU.Build.0 = Release|Any CPU
	EndGlobalSection
EndGlobal
